{
  "name": "capitalize-words-regex-function",
  "version": "1.0.0",
  "lockfileVersion": 2,
  "requires": true,
  "packages": {
    "": {
      "name": "capitalize-words-regex-function",
      "version": "1.0.0",
      "license": "ISC",
      "dependencies": {
        "capitalize-words-regex-function": "^1.0.0"
      }
    },
    "node_modules/capitalize-words-regex-function": {
      "version": "1.0.0",
      "resolved": "https://registry.npmjs.org/capitalize-words-regex-function/-/capitalize-words-regex-function-1.0.0.tgz",
      "integrity": "sha512-QsDDYypNwXP2azC4igPiMRM8Qt82JPWdl6v70Y3y6gpSkkYSaZ7IjxrOKD5lthB5Tfgs2oZW5XqNrcTbQ96EaA=="
    }
  },
  "dependencies": {
    "capitalize-words-regex-function": {
      "version": "1.0.0",
      "resolved": "https://registry.npmjs.org/capitalize-words-regex-function/-/capitalize-words-regex-function-1.0.0.tgz",
      "integrity": "sha512-QsDDYypNwXP2azC4igPiMRM8Qt82JPWdl6v70Y3y6gpSkkYSaZ7IjxrOKD5lthB5Tfgs2oZW5XqNrcTbQ96EaA=="
    }
  }
}
